// !$*UTF8*$!
{
	archiveVersion = 1;
	classes = {
	};
	objectVersion = 46;
	objects = {

/* Begin PBXBuildFile section */
		AA6076B71D6C483D00C4379D /* Images.xcassets in Resources */ = {isa = PBXBuildFile; fileRef = AA6076B61D6C483D00C4379D /* Images.xcassets */; };
		AA7F78D61D6BF38400F7651A /* RootViewController.m in Sources */ = {isa = PBXBuildFile; fileRef = AA7F78D51D6BF38400F7651A /* RootViewController.m */; };
		AA7F78DD1D6C359200F7651A /* NavigationController.m in Sources */ = {isa = PBXBuildFile; fileRef = AA7F78DC1D6C359200F7651A /* NavigationController.m */; };
		AA80C99D1D6AB1D400F78B0D /* main.m in Sources */ = {isa = PBXBuildFile; fileRef = AA80C99C1D6AB1D400F78B0D /* main.m */; };
		AA80C9A01D6AB1D400F78B0D /* AppDelegate.m in Sources */ = {isa = PBXBuildFile; fileRef = AA80C99F1D6AB1D400F78B0D /* AppDelegate.m */; };
		AA80C9A61D6AB1D400F78B0D /* Main.storyboard in Resources */ = {isa = PBXBuildFile; fileRef = AA80C9A41D6AB1D400F78B0D /* Main.storyboard */; };
		AA80C9A81D6AB1D400F78B0D /* Assets.xcassets in Resources */ = {isa = PBXBuildFile; fileRef = AA80C9A71D6AB1D400F78B0D /* Assets.xcassets */; };
		AA80C9AB1D6AB1D400F78B0D /* LaunchScreen.storyboard in Resources */ = {isa = PBXBuildFile; fileRef = AA80C9A91D6AB1D400F78B0D /* LaunchScreen.storyboard */; };
		AA80C9B61D6AB1D400F78B0D /* XHP_TableViewHeaderTensileTests.m in Sources */ = {isa = PBXBuildFile; fileRef = AA80C9B51D6AB1D400F78B0D /* XHP_TableViewHeaderTensileTests.m */; };
		AAF548591D6D3CBF002FB63F /* tableViewHeaderTensile.gif in Resources */ = {isa = PBXBuildFile; fileRef = AAF548581D6D3CBF002FB63F /* tableViewHeaderTensile.gif */; };
/* End PBXBuildFile section */

/* Begin PBXContainerItemProxy section */
		AA80C9B21D6AB1D400F78B0D /* PBXContainerItemProxy */ = {
			isa = PBXContainerItemProxy;
			containerPortal = AA80C9901D6AB1D400F78B0D /* Project object */;
			proxyType = 1;
			remoteGlobalIDString = AA80C9971D6AB1D400F78B0D;
			remoteInfo = XHP_TableViewHeaderTensile;
		};
/* End PBXContainerItemProxy section */

/* Begin PBXFileReference section */
		AA6076B61D6C483D00C4379D /* Images.xcassets */ = {isa = PBXFileReference; lastKnownFileType = folder.assetcatalog; path = Images.xcassets; sourceTree = "<group>"; };
		AA7F78D41D6BF38400F7651A /* RootViewController.h */ = {isa = PBXFileReference; fileEncoding = 4; lastKnownFileType = sourcecode.c.h; path = RootViewController.h; sourceTree = "<group>"; };
		AA7F78D51D6BF38400F7651A /* RootViewController.m */ = {isa = PBXFileReference; fileEncoding = 4; lastKnownFileType = sourcecode.c.objc; path = RootViewController.m; sourceTree = "<group>"; };
		AA7F78DB1D6C359200F7651A /* NavigationController.h */ = {isa = PBXFileReference; fileEncoding = 4; lastKnownFileType = sourcecode.c.h; path = NavigationController.h; sourceTree = "<group>"; };
		AA7F78DC1D6C359200F7651A /* NavigationController.m */ = {isa = PBXFileReference; fileEncoding = 4; lastKnownFileType = sourcecode.c.objc; path = NavigationController.m; sourceTree = "<group>"; };
		AA80C9981D6AB1D400F78B0D /* XHP_TableViewHeaderTensile.app */ = {isa = PBXFileReference; explicitFileType = wrapper.application; includeInIndex = 0; path = XHP_TableViewHeaderTensile.app; sourceTree = BUILT_PRODUCTS_DIR; };
		AA80C99C1D6AB1D400F78B0D /* main.m */ = {isa = PBXFileReference; lastKnownFileType = sourcecode.c.objc; path = main.m; sourceTree = "<group>"; };
		AA80C99E1D6AB1D400F78B0D /* AppDelegate.h */ = {isa = PBXFileReference; lastKnownFileType = sourcecode.c.h; path = AppDelegate.h; sourceTree = "<group>"; };
		AA80C99F1D6AB1D400F78B0D /* AppDelegate.m */ = {isa = PBXFileReference; lastKnownFileType = sourcecode.c.objc; path = AppDelegate.m; sourceTree = "<group>"; };
		AA80C9A51D6AB1D400F78B0D /* Base */ = {isa = PBXFileReference; lastKnownFileType = file.storyboard; name = Base; path = Base.lproj/Main.storyboard; sourceTree = "<group>"; };
		AA80C9A71D6AB1D400F78B0D /* Assets.xcassets */ = {isa = PBXFileReference; lastKnownFileType = folder.assetcatalog; path = Assets.xcassets; sourceTree = "<group>"; };
		AA80C9AA1D6AB1D400F78B0D /* Base */ = {isa = PBXFileReference; lastKnownFileType = file.storyboard; name = Base; path = Base.lproj/LaunchScreen.storyboard; sourceTree = "<group>"; };
		AA80C9AC1D6AB1D400F78B0D /* Info.plist */ = {isa = PBXFileReference; lastKnownFileType = text.plist.xml; path = Info.plist; sourceTree = "<group>"; };
		AA80C9B11D6AB1D400F78B0D /* XHP_TableViewHeaderTensileTests.xctest */ = {isa = PBXFileReference; explicitFileType = wrapper.cfbundle; includeInIndex = 0; path = XHP_TableViewHeaderTensileTests.xctest; sourceTree = BUILT_PRODUCTS_DIR; };
		AA80C9B51D6AB1D400F78B0D /* XHP_TableViewHeaderTensileTests.m */ = {isa = PBXFileReference; lastKnownFileType = sourcecode.c.objc; path = XHP_TableViewHeaderTensileTests.m; sourceTree = "<group>"; };
		AA80C9B71D6AB1D400F78B0D /* Info.plist */ = {isa = PBXFileReference; lastKnownFileType = text.plist.xml; path = Info.plist; sourceTree = "<group>"; };
		AAF548581D6D3CBF002FB63F /* tableViewHeaderTensile.gif */ = {isa = PBXFileReference; lastKnownFileType = image.gif; path = tableViewHeaderTensile.gif; sourceTree = "<group>"; };
/* End PBXFileReference section */

/* Begin PBXFrameworksBuildPhase section */
		AA80C9951D6AB1D400F78B0D /* Frameworks */ = {
			isa = PBXFrameworksBuildPhase;
			buildActionMask = 2147483647;
			files = (
			);
			runOnlyForDeploymentPostprocessing = 0;
		};
		AA80C9AE1D6AB1D400F78B0D /* Frameworks */ = {
			isa = PBXFrameworksBuildPhase;
			buildActionMask = 2147483647;
			files = (
			);
			runOnlyForDeploymentPostprocessing = 0;
		};
/* End PBXFrameworksBuildPhase section */

/* Begin PBXGroup section */
		AA6076B51D6C482700C4379D /* Resources */ = {
			isa = PBXGroup;
			children = (
				AAF548581D6D3CBF002FB63F /* tableViewHeaderTensile.gif */,
				AA6076B61D6C483D00C4379D /* Images.xcassets */,
			);
			path = Resources;
			sourceTree = "<group>";
		};
		AA7F78D01D6BF2C800F7651A /* ViewController */ = {
			isa = PBXGroup;
			children = (
				AA7F78D41D6BF38400F7651A /* RootViewController.h */,
				AA7F78D51D6BF38400F7651A /* RootViewController.m */,
			);
			path = ViewController;
			sourceTree = "<group>";
		};
		AA7F78D91D6C310300F7651A /* Common */ = {
			isa = PBXGroup;
			children = (
				AA7F78DA1D6C310300F7651A /* NavigationController */,
			);
			path = Common;
			sourceTree = "<group>";
		};
		AA7F78DA1D6C310300F7651A /* NavigationController */ = {
			isa = PBXGroup;
			children = (
				AA7F78DB1D6C359200F7651A /* NavigationController.h */,
				AA7F78DC1D6C359200F7651A /* NavigationController.m */,
			);
			path = NavigationController;
			sourceTree = "<group>";
		};
		AA80C98F1D6AB1D400F78B0D = {
			isa = PBXGroup;
			children = (
				AA80C99A1D6AB1D400F78B0D /* XHP_TableViewHeaderTensile */,
				AA80C9B41D6AB1D400F78B0D /* XHP_TableViewHeaderTensileTests */,
				AA80C9991D6AB1D400F78B0D /* Products */,
			);
			sourceTree = "<group>";
		};
		AA80C9991D6AB1D400F78B0D /* Products */ = {
			isa = PBXGroup;
			children = (
				AA80C9981D6AB1D400F78B0D /* XHP_TableViewHeaderTensile.app */,
				AA80C9B11D6AB1D400F78B0D /* XHP_TableViewHeaderTensileTests.xctest */,
			);
			name = Products;
			sourceTree = "<group>";
		};
		AA80C99A1D6AB1D400F78B0D /* XHP_TableViewHeaderTensile */ = {
			isa = PBXGroup;
			children = (
				AA7F78D91D6C310300F7651A /* Common */,
				AA7F78D01D6BF2C800F7651A /* ViewController */,
				AA6076B51D6C482700C4379D /* Resources */,
				AA80C9A41D6AB1D400F78B0D /* Main.storyboard */,
				AA80C99E1D6AB1D400F78B0D /* AppDelegate.h */,
				AA80C99F1D6AB1D400F78B0D /* AppDelegate.m */,
				AA80C9A71D6AB1D400F78B0D /* Assets.xcassets */,
				AA80C9A91D6AB1D400F78B0D /* LaunchScreen.storyboard */,
				AA80C9AC1D6AB1D400F78B0D /* Info.plist */,
				AA80C99B1D6AB1D400F78B0D /* Supporting Files */,
			);
			path = XHP_TableViewHeaderTensile;
			sourceTree = "<group>";
		};
		AA80C99B1D6AB1D400F78B0D /* Supporting Files */ = {
			isa = PBXGroup;
			children = (
				AA80C99C1D6AB1D400F78B0D /* main.m */,
			);
			name = "Supporting Files";
			sourceTree = "<group>";
		};
		AA80C9B41D6AB1D400F78B0D /* XHP_TableViewHeaderTensileTests */ = {
			isa = PBXGroup;
			children = (
				AA80C9B51D6AB1D400F78B0D /* XHP_TableViewHeaderTensileTests.m */,
				AA80C9B71D6AB1D400F78B0D /* Info.plist */,
			);
			path = XHP_TableViewHeaderTensileTests;
			sourceTree = "<group>";
		};
/* End PBXGroup section */

/* Begin PBXNativeTarget section */
		AA80C9971D6AB1D400F78B0D /* XHP_TableViewHeaderTensile */ = {
			isa = PBXNativeTarget;
			buildConfigurationList = AA80C9BA1D6AB1D400F78B0D /* Build configuration list for PBXNativeTarget "XHP_TableViewHeaderTensile" */;
			buildPhases = (
				AA80C9941D6AB1D400F78B0D /* Sources */,
				AA80C9951D6AB1D400F78B0D /* Frameworks */,
				AA80C9961D6AB1D400F78B0D /* Resources */,
			);
			buildRules = (
			);
			dependencies = (
			);
			name = XHP_TableViewHeaderTensile;
			productName = XHP_TableViewHeaderTensile;
			productReference = AA80C9981D6AB1D400F78B0D /* XHP_TableViewHeaderTensile.app */;
			productType = "com.apple.product-type.application";
		};
		AA80C9B01D6AB1D400F78B0D /* XHP_TableViewHeaderTensileTests */ = {
			isa = PBXNativeTarget;
			buildConfigurationList = AA80C9BD1D6AB1D400F78B0D /* Build configuration list for PBXNativeTarget "XHP_TableViewHeaderTensileTests" */;
			buildPhases = (
				AA80C9AD1D6AB1D400F78B0D /* Sources */,
				AA80C9AE1D6AB1D400F78B0D /* Frameworks */,
				AA80C9AF1D6AB1D400F78B0D /* Resources */,
			);
			buildRules = (
			);
			dependencies = (
				AA80C9B31D6AB1D400F78B0D /* PBXTargetDependency */,
			);
			name = XHP_TableViewHeaderTensileTests;
			productName = XHP_TableViewHeaderTensileTests;
			productReference = AA80C9B11D6AB1D400F78B0D /* XHP_TableViewHeaderTensileTests.xctest */;
			productType = "com.apple.product-type.bundle.unit-test";
		};
/* End PBXNativeTarget section */

/* Begin PBXProject section */
		AA80C9901D6AB1D400F78B0D /* Project object */ = {
			isa = PBXProject;
			attributes = {
				LastUpgradeCheck = 0730;
				ORGANIZATIONNAME = HaoHeHealth;
				TargetAttributes = {
					AA80C9971D6AB1D400F78B0D = {
						CreatedOnToolsVersion = 7.3.1;
					};
					AA80C9B01D6AB1D400F78B0D = {
						CreatedOnToolsVersion = 7.3.1;
						TestTargetID = AA80C9971D6AB1D400F78B0D;
					};
				};
			};
			buildConfigurationList = AA80C9931D6AB1D400F78B0D /* Build configuration list for PBXProject "XHP_TableViewHeaderTensile" */;
			compatibilityVersion = "Xcode 3.2";
			developmentRegion = English;
			hasScannedForEncodings = 0;
			knownRegions = (
				en,
				Base,
			);
			mainGroup = AA80C98F1D6AB1D400F78B0D;
			productRefGroup = AA80C9991D6AB1D400F78B0D /* Products */;
			projectDirPath = "";
			projectRoot = "";
			targets = (
				AA80C9971D6AB1D400F78B0D /* XHP_TableViewHeaderTensile */,
				AA80C9B01D6AB1D400F78B0D /* XHP_TableViewHeaderTensileTests */,
			);
		};
/* End PBXProject section */

/* Begin PBXResourcesBuildPhase section */
		AA80C9961D6AB1D400F78B0D /* Resources */ = {
			isa = PBXResourcesBuildPhase;
			buildActionMask = 2147483647;
			files = (
				AA80C9AB1D6AB1D400F78B0D /* LaunchScreen.storyboard in Resources */,
				AA6076B71D6C483D00C4379D /* Images.xcassets in Resources */,
				AAF548591D6D3CBF002FB63F /* tableViewHeaderTensile.gif in Resources */,
				AA80C9A81D6AB1D400F78B0D /* Assets.xcassets in Resources */,
				AA80C9A61D6AB1D400F78B0D /* Main.storyboard in Resources */,
			);
			runOnlyForDeploymentPostprocessing = 0;
		};
		AA80C9AF1D6AB1D400F78B0D /* Resources */ = {
			isa = PBXResourcesBuildPhase;
			buildActionMask = 2147483647;
			files = (
			);
			runOnlyForDeploymentPostprocessing = 0;
		};
/* End PBXResourcesBuildPhase section */

/* Begin PBXSourcesBuildPhase section */
		AA80C9941D6AB1D400F78B0D /* Sources */ = {
			isa = PBXSourcesBuildPhase;
			buildActionMask = 2147483647;
			files = (
				AA80C9A01D6AB1D400F78B0D /* AppDelegate.m in Sources */,
				AA7F78DD1D6C359200F7651A /* NavigationController.m in Sources */,
				AA7F78D61D6BF38400F7651A /* RootViewController.m in Sources */,
				AA80C99D1D6AB1D400F78B0D /* main.m in Sources */,
			);
			runOnlyForDeploymentPostprocessing = 0;
		};
		AA80C9AD1D6AB1D400F78B0D /* Sources */ = {
			isa = PBXSourcesBuildPhase;
			buildActionMask = 2147483647;
			files = (
				AA80C9B61D6AB1D400F78B0D /* XHP_TableViewHeaderTensileTests.m in Sources */,
			);
			runOnlyForDeploymentPostprocessing = 0;
		};
/* End PBXSourcesBuildPhase section */

/* Begin PBXTargetDependency section */
		AA80C9B31D6AB1D400F78B0D /* PBXTargetDependency */ = {
			isa = PBXTargetDependency;
			target = AA80C9971D6AB1D400F78B0D /* XHP_TableViewHeaderTensile */;
			targetProxy = AA80C9B21D6AB1D400F78B0D /* PBXContainerItemProxy */;
		};
/* End PBXTargetDependency section */

/* Begin PBXVariantGroup section */
		AA80C9A41D6AB1D400F78B0D /* Main.storyboard */ = {
			isa = PBXVariantGroup;
			children = (
				AA80C9A51D6AB1D400F78B0D /* Base */,
			);
			name = Main.storyboard;
			sourceTree = "<group>";
		};
		AA80C9A91D6AB1D400F78B0D /* LaunchScreen.storyboard */ = {
			isa = PBXVariantGroup;
			children = (
				AA80C9AA1D6AB1D400F78B0D /* Base */,
			);
			name = LaunchScreen.storyboard;
			sourceTree = "<group>";
		};
/* End PBXVariantGroup section */

/* Begin XCBuildConfiguration section */
		AA80C9B81D6AB1D400F78B0D /* Debug */ = {
			isa = XCBuildConfiguration;
			buildSettings = {
				ALWAYS_SEARCH_USER_PATHS = NO;
				CLANG_ANALYZER_NONNULL = YES;
				CLANG_CXX_LANGUAGE_STANDARD = "gnu++0x";
				CLANG_CXX_LIBRARY = "libc++";
				CLANG_ENABLE_MODULES = YES;
				CLANG_ENABLE_OBJC_ARC = YES;
				CLANG_WARN_BOOL_CONVERSION = YES;
				CLANG_WARN_CONSTANT_CONVERSION = YES;
				CLANG_WARN_DIRECT_OBJC_ISA_USAGE = YES_ERROR;
				CLANG_WARN_EMPTY_BODY = YES;
				CLANG_WARN_ENUM_CONVERSION = YES;
				CLANG_WARN_INT_CONVERSION = YES;
				CLANG_WARN_OBJC_ROOT_CLASS = YES_ERROR;
				CLANG_WARN_UNREACHABLE_CODE = YES;
				CLANG_WARN__DUPLICATE_METHOD_MATCH = YES;
				"CODE_SIGN_IDENTITY[sdk=iphoneos*]" = "iPhone Developer";
				COPY_PHASE_STRIP = NO;
				DEBUG_INFORMATION_FORMAT = dwarf;
				ENABLE_STRICT_OBJC_MSGSEND = YES;
				ENABLE_TESTABILITY = YES;
				GCC_C_LANGUAGE_STANDARD = gnu99;
				GCC_DYNAMIC_NO_PIC = NO;
				GCC_NO_COMMON_BLOCKS = YES;
				GCC_OPTIMIZATION_LEVEL = 0;
				GCC_PREPROCESSOR_DEFINITIONS = (
					"DEBUG=1",
					"$(inherited)",
				);
				GCC_WARN_64_TO_32_BIT_CONVERSION = YES;
				GCC_WARN_ABOUT_RETURN_TYPE = YES_ERROR;
				GCC_WARN_UNDECLARED_SELECTOR = YES;
				GCC_WARN_UNINITIALIZED_AUTOS = YES_AGGRESSIVE;
				GCC_WARN_UNUSED_FUNCTION = YES;
				GCC_WARN_UNUSED_VARIABLE = YES;
				IPHONEOS_DEPLOYMENT_TARGET = 9.3;
				MTL_ENABLE_DEBUG_INFO = YES;
				ONLY_ACTIVE_ARCH = YES;
				SDKROOT = iphoneos;
				TARGETED_DEVICE_FAMILY = "1,2";
			};
			name = Debug;
		};
		AA80C9B91D6AB1D400F78B0D /* Release */ = {
			isa = XCBuildConfiguration;
			buildSettings = {
				ALWAYS_SEARCH_USER_PATHS = NO;
				CLANG_ANALYZER_NONNULL = YES;
				CLANG_CXX_LANGUAGE_STANDARD = "gnu++0x";
				CLANG_CXX_LIBRARY = "libc++";
				CLANG_ENABLE_MODULES = YES;
				CLANG_ENABLE_OBJC_ARC = YES;
				CLANG_WARN_BOOL_CONVERSION = YES;
				CLANG_WARN_CONSTANT_CONVERSION = YES;
				CLANG_WARN_DIRECT_OBJC_ISA_USAGE = YES_ERROR;
				CLANG_WARN_EMPTY_BODY = YES;
				CLANG_WARN_ENUM_CONVERSION = YES;
				CLANG_WARN_INT_CONVERSION = YES;
				CLANG_WARN_OBJC_ROOT_CLASS = YES_ERROR;
				CLANG_WARN_UNREACHABLE_CODE = YES;
				CLANG_WARN__DUPLICATE_METHOD_MATCH = YES;
				"CODE_SIGN_IDENTITY[sdk=iphoneos*]" = "iPhone Developer";
				COPY_PHASE_STRIP = NO;
				DEBUG_INFORMATION_FORMAT = "dwarf-with-dsym";
				ENABLE_NS_ASSERTIONS = NO;
				ENABLE_STRICT_OBJC_MSGSEND = YES;
				GCC_C_LANGUAGE_STANDARD = gnu99;
				GCC_NO_COMMON_BLOCKS = YES;
				GCC_WARN_64_TO_32_BIT_CONVERSION = YES;
				GCC_WARN_ABOUT_RETURN_TYPE = YES_ERROR;
				GCC_WARN_UNDECLARED_SELECTOR = YES;
				GCC_WARN_UNINITIALIZED_AUTOS = YES_AGGRESSIVE;
				GCC_WARN_UNUSED_FUNCTION = YES;
				GCC_WARN_UNUSED_VARIABLE = YES;
				IPHONEOS_DEPLOYMENT_TARGET = 9.3;
				MTL_ENABLE_DEBUG_INFO = NO;
				SDKROOT = iphoneos;
				TARGETED_DEVICE_FAMILY = "1,2";
				VALIDATE_PRODUCT = YES;
			};
			name = Release;
		};
		AA80C9BB1D6AB1D400F78B0D /* Debug */ = {
			isa = XCBuildConfiguration;
			buildSettings = {
				ASSETCATALOG_COMPILER_APPICON_NAME = AppIcon;
				INFOPLIST_FILE = XHP_TableViewHeaderTensile/Info.plist;
				LD_RUNPATH_SEARCH_PATHS = "$(inherited) @executable_path/Frameworks";
				PRODUCT_BUNDLE_IDENTIFIER = "com.haohehealth.XHP-TableViewHeaderTensile";
				PRODUCT_NAME = "$(TARGET_NAME)";
			};
			name = Debug;
		};
		AA80C9BC1D6AB1D400F78B0D /* Release */ = {
			isa = XCBuildConfiguration;
			buildSettings = {
				ASSETCATALOG_COMPILER_APPICON_NAME = AppIcon;
				INFOPLIST_FILE = XHP_TableViewHeaderTensile/Info.plist;
				LD_RUNPATH_SEARCH_PATHS = "$(inherited) @executable_path/Frameworks";
				PRODUCT_BUNDLE_IDENTIFIER = "com.haohehealth.XHP-TableViewHeaderTensile";
				PRODUCT_NAME = "$(TARGET_NAME)";
			};
			name = Release;
		};
		AA80C9BE1D6AB1D400F78B0D /* Debug */ = {
			isa = XCBuildConfiguration;
			buildSettings = {
				BUNDLE_LOADER = "$(TEST_HOST)";
				INFOPLIST_FILE = XHP_TableViewHeaderTensileTests/Info.plist;
				LD_RUNPATH_SEARCH_PATHS = "$(inherited) @executable_path/Frameworks @loader_path/Frameworks";
				PRODUCT_BUNDLE_IDENTIFIER = "com.haohehealth.XHP-TableViewHeaderTensileTests";
				PRODUCT_NAME = "$(TARGET_NAME)";
				TEST_HOST = "$(BUILT_PRODUCTS_DIR)/XHP_TableViewHeaderTensile.app/XHP_TableViewHeaderTensile";
			};
			name = Debug;
		};
		AA80C9BF1D6AB1D400F78B0D /* Release */ = {
			isa = XCBuildConfiguration;
			buildSettings = {
				BUNDLE_LOADER = "$(TEST_HOST)";
				INFOPLIST_FILE = XHP_TableViewHeaderTensileTests/Info.plist;
				LD_RUNPATH_SEARCH_PATHS = "$(inherited) @executable_path/Frameworks @loader_path/Frameworks";
				PRODUCT_BUNDLE_IDENTIFIER = "com.haohehealth.XHP-TableViewHeaderTensileTests";
				PRODUCT_NAME = "$(TARGET_NAME)";
				TEST_HOST = "$(BUILT_PRODUCTS_DIR)/XHP_TableViewHeaderTensile.app/XHP_TableViewHeaderTensile";
			};
			name = Release;
		};
/* End XCBuildConfiguration section */

/* Begin XCConfigurationList section */
		AA80C9931D6AB1D400F78B0D /* Build configuration list for PBXProject "XHP_TableViewHeaderTensile" */ = {
			isa = XCConfigurationList;
			buildConfigurations = (
				AA80C9B81D6AB1D400F78B0D /* Debug */,
				AA80C9B91D6AB1D400F78B0D /* Release */,
			);
			defaultConfigurationIsVisible = 0;
			defaultConfigurationName = Release;
		};
		AA80C9BA1D6AB1D400F78B0D /* Build configuration list for PBXNativeTarget "XHP_TableViewHeaderTensile" */ = {
			isa = XCConfigurationList;
			buildConfigurations = (
				AA80C9BB1D6AB1D400F78B0D /* Debug */,
				AA80C9BC1D6AB1D400F78B0D /* Release */,
			);
			defaultConfigurationIsVisible = 0;
			defaultConfigurationName = Release;
		};
		AA80C9BD1D6AB1D400F78B0D /* Build configuration list for PBXNativeTarget "XHP_TableViewHeaderTensileTests" */ = {
			isa = XCConfigurationList;
			buildConfigurations = (
				AA80C9BE1D6AB1D400F78B0D /* Debug */,
				AA80C9BF1D6AB1D400F78B0D /* Release */,
			);
			defaultConfigurationIsVisible = 0;
			defaultConfigurationName = Release;
		};
/* End XCConfigurationList section */
	};
	rootObject = AA80C9901D6AB1D400F78B0D /* Project object */;
}
